
Microsoft Visual Studio Solution File, Format Version 12.00
# Visual Studio Version 16
VisualStudioVersion = 16.0.32630.194
MinimumVisualStudioVersion = 10.0.40219.1
Project("{8BC9CEB8-8B4A-11D0-8D11-00A0C91BC942}") = "LCD1602", "LCD1602\LCD1602.vcxproj", "{FFF6627C-2EB1-451F-80F4-BDA9E8968449}"
EndProject
Global
	GlobalSection(SolutionConfigurationPlatforms) = preSolution
		Debug|x64 = Debug|x64
		Debug|x86 = Debug|x86
		Release|x64 = Release|x64
		Release|x86 = Release|x86
	EndGlobalSection
	GlobalSection(ProjectConfigurationPlatforms) = postSolution
		{FFF6627C-2EB1-451F-80F4-BDA9E8968449}.Debug|x64.ActiveCfg = Debug|x64
		{FFF6627C-2EB1-451F-80F4-BDA9E8968449}.Debug|x64.Build.0 = Debug|x64
		{FFF6627C-2EB1-451F-80F4-BDA9E8968449}.Debug|x86.ActiveCfg = Debug|Win32
		{FFF6627C-2EB1-451F-80F4-BDA9E8968449}.Debug|x86.Build.0 = Debug|Win32
		{FFF6627C-2EB1-451F-80F4-BDA9E8968449}.Release|x64.ActiveCfg = Release|x64
		{FFF6627C-2EB1-451F-80F4-BDA9E8968449}.Release|x64.Build.0 = Release|x64
		{FFF6627C-2EB1-451F-80F4-BDA9E8968449}.Release|x86.ActiveCfg = Release|Win32
		{FFF6627C-2EB1-451F-80F4-BDA9E8968449}.Release|x86.Build.0 = Release|Win32
	EndGlobalSection
	GlobalSection(SolutionProperties) = preSolution
		HideSolutionNode = FALSE
	EndGlobalSection
	GlobalSection(ExtensibilityGlobals) = postSolution
		SolutionGuid = {6EF7D55A-E620-4A0B-90D0-691731EC5E3A}
	EndGlobalSection
EndGlobal
